
Microsoft Visual Studio Solution File, Format Version 12.00
# Visual Studio Version 16
VisualStudioVersion = 16.0.30114.105
MinimumVisualStudioVersion = 10.0.40219.1
Project("{9A19103F-16F7-4668-BE54-9A1E7A4F7556}") = "PDF.Smasher.API", "PDF.RestrictionEradicator.API\PDF.Smasher.API.csproj", "{CC32F156-258A-4D07-8809-9BB4D5D1FBEC}"
EndProject
Project("{9A19103F-16F7-4668-BE54-9A1E7A4F7556}") = "PDF.Smasher.FrontEnd", "PDF.Smasher.FrontEnd\PDF.Smasher.FrontEnd.csproj", "{865CCB3A-F663-4BD7-84CE-3586FF057A31}"
EndProject
Project("{E53339B2-1760-4266-BCC7-CA923CBCF16C}") = "docker-compose", "docker-compose.dcproj", "{4AC5F669-9FA5-4B59-A106-872F734373CC}"
EndProject
Global
	GlobalSection(SolutionConfigurationPlatforms) = preSolution
		Debug|Any CPU = Debug|Any CPU
		Release|Any CPU = Release|Any CPU
	EndGlobalSection
	GlobalSection(ProjectConfigurationPlatforms) = postSolution
		{CC32F156-258A-4D07-8809-9BB4D5D1FBEC}.Debug|Any CPU.ActiveCfg = Debug|Any CPU
		{CC32F156-258A-4D07-8809-9BB4D5D1FBEC}.Debug|Any CPU.Build.0 = Debug|Any CPU
		{CC32F156-258A-4D07-8809-9BB4D5D1FBEC}.Release|Any CPU.ActiveCfg = Release|Any CPU
		{CC32F156-258A-4D07-8809-9BB4D5D1FBEC}.Release|Any CPU.Build.0 = Release|Any CPU
		{865CCB3A-F663-4BD7-84CE-3586FF057A31}.Debug|Any CPU.ActiveCfg = Debug|Any CPU
		{865CCB3A-F663-4BD7-84CE-3586FF057A31}.Debug|Any CPU.Build.0 = Debug|Any CPU
		{865CCB3A-F663-4BD7-84CE-3586FF057A31}.Release|Any CPU.ActiveCfg = Release|Any CPU
		{865CCB3A-F663-4BD7-84CE-3586FF057A31}.Release|Any CPU.Build.0 = Release|Any CPU
		{4AC5F669-9FA5-4B59-A106-872F734373CC}.Debug|Any CPU.ActiveCfg = Debug|Any CPU
		{4AC5F669-9FA5-4B59-A106-872F734373CC}.Debug|Any CPU.Build.0 = Debug|Any CPU
		{4AC5F669-9FA5-4B59-A106-872F734373CC}.Release|Any CPU.ActiveCfg = Release|Any CPU
		{4AC5F669-9FA5-4B59-A106-872F734373CC}.Release|Any CPU.Build.0 = Release|Any CPU
	EndGlobalSection
	GlobalSection(SolutionProperties) = preSolution
		HideSolutionNode = FALSE
	EndGlobalSection
	GlobalSection(ExtensibilityGlobals) = postSolution
		SolutionGuid = {74D09309-5161-4892-8629-2827BD11F1EF}
	EndGlobalSection
EndGlobal
